
Microsoft Visual Studio Solution File, Format Version 12.00
# Visual Studio 15
VisualStudioVersion = 15.0.28010.2016
MinimumVisualStudioVersion = 10.0.40219.1
Project("{9A19103F-16F7-4668-BE54-9A1E7A4F7556}") = "MarkdownApi.Tool", "MarkdownApi.Tool\MarkdownApi.Tool.csproj", "{2058B4FD-7008-4213-A2A5-9C730446CCE3}"
EndProject
Project("{9A19103F-16F7-4668-BE54-9A1E7A4F7556}") = "MarkdownApi.Core", "MarkdownApi.Core\MarkdownApi.Core.csproj", "{F9114920-BDD7-48C5-9E79-4885E53AE0F0}"
EndProject
Project("{9A19103F-16F7-4668-BE54-9A1E7A4F7556}") = "MarkdownApi.Tester", "MarkdownApi.Tester\MarkdownApi.Tester.csproj", "{F4604827-62E5-466D-A6A0-51FB53EFB070}"
EndProject
Project("{FAE04EC0-301F-11D3-BF4B-00C04F79EFBC}") = "MarkdownApi.Tests", "MarkdownApi.Tests\MarkdownApi.Tests.csproj", "{AEF02111-2758-4EDA-A820-9FA276915A19}"
EndProject
Global
	GlobalSection(SolutionConfigurationPlatforms) = preSolution
		Debug|Any CPU = Debug|Any CPU
		Release|Any CPU = Release|Any CPU
	EndGlobalSection
	GlobalSection(ProjectConfigurationPlatforms) = postSolution
		{2058B4FD-7008-4213-A2A5-9C730446CCE3}.Debug|Any CPU.ActiveCfg = Debug|Any CPU
		{2058B4FD-7008-4213-A2A5-9C730446CCE3}.Debug|Any CPU.Build.0 = Debug|Any CPU
		{2058B4FD-7008-4213-A2A5-9C730446CCE3}.Release|Any CPU.ActiveCfg = Release|Any CPU
		{2058B4FD-7008-4213-A2A5-9C730446CCE3}.Release|Any CPU.Build.0 = Release|Any CPU
		{F9114920-BDD7-48C5-9E79-4885E53AE0F0}.Debug|Any CPU.ActiveCfg = Debug|Any CPU
		{F9114920-BDD7-48C5-9E79-4885E53AE0F0}.Debug|Any CPU.Build.0 = Debug|Any CPU
		{F9114920-BDD7-48C5-9E79-4885E53AE0F0}.Release|Any CPU.ActiveCfg = Release|Any CPU
		{F9114920-BDD7-48C5-9E79-4885E53AE0F0}.Release|Any CPU.Build.0 = Release|Any CPU
		{F4604827-62E5-466D-A6A0-51FB53EFB070}.Debug|Any CPU.ActiveCfg = Debug|Any CPU
		{F4604827-62E5-466D-A6A0-51FB53EFB070}.Debug|Any CPU.Build.0 = Debug|Any CPU
		{F4604827-62E5-466D-A6A0-51FB53EFB070}.Release|Any CPU.ActiveCfg = Release|Any CPU
		{F4604827-62E5-466D-A6A0-51FB53EFB070}.Release|Any CPU.Build.0 = Release|Any CPU
		{AEF02111-2758-4EDA-A820-9FA276915A19}.Debug|Any CPU.ActiveCfg = Debug|Any CPU
		{AEF02111-2758-4EDA-A820-9FA276915A19}.Debug|Any CPU.Build.0 = Debug|Any CPU
		{AEF02111-2758-4EDA-A820-9FA276915A19}.Release|Any CPU.ActiveCfg = Release|Any CPU
		{AEF02111-2758-4EDA-A820-9FA276915A19}.Release|Any CPU.Build.0 = Release|Any CPU
	EndGlobalSection
	GlobalSection(SolutionProperties) = preSolution
		HideSolutionNode = FALSE
	EndGlobalSection
	GlobalSection(ExtensibilityGlobals) = postSolution
		SolutionGuid = {929F7EF0-3C01-4C5F-945D-B3ACCE8B8A6B}
	EndGlobalSection
EndGlobal
